
Microsoft Visual Studio Solution File, Format Version 12.00
# Visual Studio Version 17
VisualStudioVersion = 17.3.32922.545
MinimumVisualStudioVersion = 10.0.40219.1
Project("{FAE04EC0-301F-11D3-BF4B-00C04F79EFBC}") = "ConsoleApp2", "ConsoleApp2\ConsoleApp2.csproj", "{655B22E1-7031-4265-8ED0-94CF936A9F8B}"
EndProject
Global
	GlobalSection(SolutionConfigurationPlatforms) = preSolution
		Debug|Any CPU = Debug|Any CPU
		Release|Any CPU = Release|Any CPU
	EndGlobalSection
	GlobalSection(ProjectConfigurationPlatforms) = postSolution
		{655B22E1-7031-4265-8ED0-94CF936A9F8B}.Debug|Any CPU.ActiveCfg = Debug|Any CPU
		{655B22E1-7031-4265-8ED0-94CF936A9F8B}.Debug|Any CPU.Build.0 = Debug|Any CPU
		{655B22E1-7031-4265-8ED0-94CF936A9F8B}.Release|Any CPU.ActiveCfg = Release|Any CPU
		{655B22E1-7031-4265-8ED0-94CF936A9F8B}.Release|Any CPU.Build.0 = Release|Any CPU
	EndGlobalSection
	GlobalSection(SolutionProperties) = preSolution
		HideSolutionNode = FALSE
	EndGlobalSection
	GlobalSection(ExtensibilityGlobals) = postSolution
		SolutionGuid = {E29BE1E1-F46A-4EA8-854C-859FFC8C2370}
	EndGlobalSection
EndGlobal
